
Microsoft Visual Studio Solution File, Format Version 12.00
# Visual Studio Version 16
VisualStudioVersion = 16.0.31829.152
MinimumVisualStudioVersion = 10.0.40219.1
Project("{FAE04EC0-301F-11D3-BF4B-00C04F79EFBC}") = "Gs-vs2019-Promo4", "Gs-vs2019-Promo4.csproj", "{E987E337-C192-4AF2-B875-85F047783704}"
EndProject
Global
	GlobalSection(SolutionConfigurationPlatforms) = preSolution
		Debug|Any CPU = Debug|Any CPU
		Release|Any CPU = Release|Any CPU
	EndGlobalSection
	GlobalSection(ProjectConfigurationPlatforms) = postSolution
		{E987E337-C192-4AF2-B875-85F047783704}.Debug|Any CPU.ActiveCfg = Debug|Any CPU
		{E987E337-C192-4AF2-B875-85F047783704}.Debug|Any CPU.Build.0 = Debug|Any CPU
		{E987E337-C192-4AF2-B875-85F047783704}.Release|Any CPU.ActiveCfg = Release|Any CPU
		{E987E337-C192-4AF2-B875-85F047783704}.Release|Any CPU.Build.0 = Release|Any CPU
	EndGlobalSection
	GlobalSection(SolutionProperties) = preSolution
		HideSolutionNode = FALSE
	EndGlobalSection
	GlobalSection(ExtensibilityGlobals) = postSolution
		SolutionGuid = {582670BA-CE61-4D2A-B40A-FF90C56D75C3}
	EndGlobalSection
EndGlobal
